// !$*UTF8*$!
{
	archiveVersion = 1;
	classes = {
	};
	objectVersion = 46;
	objects = {

/* Begin PBXBuildFile section */
		33BCC1F41970E78800EA3F5B /* Foundation.framework in Frameworks */ = {isa = PBXBuildFile; fileRef = 33BCC1F31970E78800EA3F5B /* Foundation.framework */; };
		33BCC1F61970E78800EA3F5B /* CoreGraphics.framework in Frameworks */ = {isa = PBXBuildFile; fileRef = 33BCC1F51970E78800EA3F5B /* CoreGraphics.framework */; };
		33BCC1F81970E78800EA3F5B /* UIKit.framework in Frameworks */ = {isa = PBXBuildFile; fileRef = 33BCC1F71970E78800EA3F5B /* UIKit.framework */; };
		33BCC1FE1970E78800EA3F5B /* InfoPlist.strings in Resources */ = {isa = PBXBuildFile; fileRef = 33BCC1FC1970E78800EA3F5B /* InfoPlist.strings */; };
		33BCC2001970E78800EA3F5B /* main.m in Sources */ = {isa = PBXBuildFile; fileRef = 33BCC1FF1970E78800EA3F5B /* main.m */; };
		33BCC2041970E78800EA3F5B /* AppDelegate.m in Sources */ = {isa = PBXBuildFile; fileRef = 33BCC2031970E78800EA3F5B /* AppDelegate.m */; };
		33BCC2071970E78800EA3F5B /* Main.storyboard in Resources */ = {isa = PBXBuildFile; fileRef = 33BCC2051970E78800EA3F5B /* Main.storyboard */; };
		33BCC20A1970E78800EA3F5B /* ViewController.m in Sources */ = {isa = PBXBuildFile; fileRef = 33BCC2091970E78800EA3F5B /* ViewController.m */; };
		33BCC20C1970E78800EA3F5B /* Images.xcassets in Resources */ = {isa = PBXBuildFile; fileRef = 33BCC20B1970E78800EA3F5B /* Images.xcassets */; };
		33BCC2131970E78900EA3F5B /* XCTest.framework in Frameworks */ = {isa = PBXBuildFile; fileRef = 33BCC2121970E78900EA3F5B /* XCTest.framework */; };
		33BCC2141970E78900EA3F5B /* Foundation.framework in Frameworks */ = {isa = PBXBuildFile; fileRef = 33BCC1F31970E78800EA3F5B /* Foundation.framework */; };
		33BCC2151970E78900EA3F5B /* UIKit.framework in Frameworks */ = {isa = PBXBuildFile; fileRef = 33BCC1F71970E78800EA3F5B /* UIKit.framework */; };
		33BCC21D1970E78900EA3F5B /* InfoPlist.strings in Resources */ = {isa = PBXBuildFile; fileRef = 33BCC21B1970E78900EA3F5B /* InfoPlist.strings */; };
		33BCC21F1970E78900EA3F5B /* Day10Tests.m in Sources */ = {isa = PBXBuildFile; fileRef = 33BCC21E1970E78900EA3F5B /* Day10Tests.m */; };
		33BCC22A1970E92900EA3F5B /* Calculator.m in Sources */ = {isa = PBXBuildFile; fileRef = 33BCC2291970E92900EA3F5B /* Calculator.m */; };
/* End PBXBuildFile section */

/* Begin PBXContainerItemProxy section */
		33BCC2161970E78900EA3F5B /* PBXContainerItemProxy */ = {
			isa = PBXContainerItemProxy;
			containerPortal = 33BCC1E81970E78800EA3F5B /* Project object */;
			proxyType = 1;
			remoteGlobalIDString = 33BCC1EF1970E78800EA3F5B;
			remoteInfo = Day10;
		};
/* End PBXContainerItemProxy section */

/* Begin PBXFileReference section */
		33BCC1F01970E78800EA3F5B /* Day10.app */ = {isa = PBXFileReference; explicitFileType = wrapper.application; includeInIndex = 0; path = Day10.app; sourceTree = BUILT_PRODUCTS_DIR; };
		33BCC1F31970E78800EA3F5B /* Foundation.framework */ = {isa = PBXFileReference; lastKnownFileType = wrapper.framework; name = Foundation.framework; path = System/Library/Frameworks/Foundation.framework; sourceTree = SDKROOT; };
		33BCC1F51970E78800EA3F5B /* CoreGraphics.framework */ = {isa = PBXFileReference; lastKnownFileType = wrapper.framework; name = CoreGraphics.framework; path = System/Library/Frameworks/CoreGraphics.framework; sourceTree = SDKROOT; };
		33BCC1F71970E78800EA3F5B /* UIKit.framework */ = {isa = PBXFileReference; lastKnownFileType = wrapper.framework; name = UIKit.framework; path = System/Library/Frameworks/UIKit.framework; sourceTree = SDKROOT; };
		33BCC1FB1970E78800EA3F5B /* Day10-Info.plist */ = {isa = PBXFileReference; lastKnownFileType = text.plist.xml; path = "Day10-Info.plist"; sourceTree = "<group>"; };
		33BCC1FD1970E78800EA3F5B /* en */ = {isa = PBXFileReference; lastKnownFileType = text.plist.strings; name = en; path = en.lproj/InfoPlist.strings; sourceTree = "<group>"; };
		33BCC1FF1970E78800EA3F5B /* main.m */ = {isa = PBXFileReference; lastKnownFileType = sourcecode.c.objc; path = main.m; sourceTree = "<group>"; };
		33BCC2011970E78800EA3F5B /* Day10-Prefix.pch */ = {isa = PBXFileReference; lastKnownFileType = sourcecode.c.h; path = "Day10-Prefix.pch"; sourceTree = "<group>"; };
		33BCC2021970E78800EA3F5B /* AppDelegate.h */ = {isa = PBXFileReference; lastKnownFileType = sourcecode.c.h; path = AppDelegate.h; sourceTree = "<group>"; };
		33BCC2031970E78800EA3F5B /* AppDelegate.m */ = {isa = PBXFileReference; lastKnownFileType = sourcecode.c.objc; path = AppDelegate.m; sourceTree = "<group>"; };
		33BCC2061970E78800EA3F5B /* Base */ = {isa = PBXFileReference; lastKnownFileType = file.storyboard; name = Base; path = Base.lproj/Main.storyboard; sourceTree = "<group>"; };
		33BCC2081970E78800EA3F5B /* ViewController.h */ = {isa = PBXFileReference; lastKnownFileType = sourcecode.c.h; path = ViewController.h; sourceTree = "<group>"; };
		33BCC2091970E78800EA3F5B /* ViewController.m */ = {isa = PBXFileReference; lastKnownFileType = sourcecode.c.objc; path = ViewController.m; sourceTree = "<group>"; };
		33BCC20B1970E78800EA3F5B /* Images.xcassets */ = {isa = PBXFileReference; lastKnownFileType = folder.assetcatalog; path = Images.xcassets; sourceTree = "<group>"; };
		33BCC2111970E78900EA3F5B /* Day10Tests.xctest */ = {isa = PBXFileReference; explicitFileType = wrapper.cfbundle; includeInIndex = 0; path = Day10Tests.xctest; sourceTree = BUILT_PRODUCTS_DIR; };
		33BCC2121970E78900EA3F5B /* XCTest.framework */ = {isa = PBXFileReference; lastKnownFileType = wrapper.framework; name = XCTest.framework; path = Library/Frameworks/XCTest.framework; sourceTree = DEVELOPER_DIR; };
		33BCC21A1970E78900EA3F5B /* Day10Tests-Info.plist */ = {isa = PBXFileReference; lastKnownFileType = text.plist.xml; path = "Day10Tests-Info.plist"; sourceTree = "<group>"; };
		33BCC21C1970E78900EA3F5B /* en */ = {isa = PBXFileReference; lastKnownFileType = text.plist.strings; name = en; path = en.lproj/InfoPlist.strings; sourceTree = "<group>"; };
		33BCC21E1970E78900EA3F5B /* Day10Tests.m */ = {isa = PBXFileReference; lastKnownFileType = sourcecode.c.objc; path = Day10Tests.m; sourceTree = "<group>"; };
		33BCC2281970E92900EA3F5B /* Calculator.h */ = {isa = PBXFileReference; fileEncoding = 4; lastKnownFileType = sourcecode.c.h; path = Calculator.h; sourceTree = "<group>"; };
		33BCC2291970E92900EA3F5B /* Calculator.m */ = {isa = PBXFileReference; fileEncoding = 4; lastKnownFileType = sourcecode.c.objc; path = Calculator.m; sourceTree = "<group>"; };
/* End PBXFileReference section */

/* Begin PBXFrameworksBuildPhase section */
		33BCC1ED1970E78800EA3F5B /* Frameworks */ = {
			isa = PBXFrameworksBuildPhase;
			buildActionMask = 2147483647;
			files = (
				33BCC1F61970E78800EA3F5B /* CoreGraphics.framework in Frameworks */,
				33BCC1F81970E78800EA3F5B /* UIKit.framework in Frameworks */,
				33BCC1F41970E78800EA3F5B /* Foundation.framework in Frameworks */,
			);
			runOnlyForDeploymentPostprocessing = 0;
		};
		33BCC20E1970E78900EA3F5B /* Frameworks */ = {
			isa = PBXFrameworksBuildPhase;
			buildActionMask = 2147483647;
			files = (
				33BCC2131970E78900EA3F5B /* XCTest.framework in Frameworks */,
				33BCC2151970E78900EA3F5B /* UIKit.framework in Frameworks */,
				33BCC2141970E78900EA3F5B /* Foundation.framework in Frameworks */,
			);
			runOnlyForDeploymentPostprocessing = 0;
		};
/* End PBXFrameworksBuildPhase section */

/* Begin PBXGroup section */
		33BCC1E71970E78800EA3F5B = {
			isa = PBXGroup;
			children = (
				33BCC1F91970E78800EA3F5B /* Day10 */,
				33BCC2181970E78900EA3F5B /* Day10Tests */,
				33BCC1F21970E78800EA3F5B /* Frameworks */,
				33BCC1F11970E78800EA3F5B /* Products */,
			);
			sourceTree = "<group>";
		};
		33BCC1F11970E78800EA3F5B /* Products */ = {
			isa = PBXGroup;
			children = (
				33BCC1F01970E78800EA3F5B /* Day10.app */,
				33BCC2111970E78900EA3F5B /* Day10Tests.xctest */,
			);
			name = Products;
			sourceTree = "<group>";
		};
		33BCC1F21970E78800EA3F5B /* Frameworks */ = {
			isa = PBXGroup;
			children = (
				33BCC1F31970E78800EA3F5B /* Foundation.framework */,
				33BCC1F51970E78800EA3F5B /* CoreGraphics.framework */,
				33BCC1F71970E78800EA3F5B /* UIKit.framework */,
				33BCC2121970E78900EA3F5B /* XCTest.framework */,
			);
			name = Frameworks;
			sourceTree = "<group>";
		};
		33BCC1F91970E78800EA3F5B /* Day10 */ = {
			isa = PBXGroup;
			children = (
				33BCC2021970E78800EA3F5B /* AppDelegate.h */,
				33BCC2281970E92900EA3F5B /* Calculator.h */,
				33BCC2291970E92900EA3F5B /* Calculator.m */,
				33BCC2031970E78800EA3F5B /* AppDelegate.m */,
				33BCC2051970E78800EA3F5B /* Main.storyboard */,
				33BCC2081970E78800EA3F5B /* ViewController.h */,
				33BCC2091970E78800EA3F5B /* ViewController.m */,
				33BCC20B1970E78800EA3F5B /* Images.xcassets */,
				33BCC1FA1970E78800EA3F5B /* Supporting Files */,
			);
			path = Day10;
			sourceTree = "<group>";
		};
		33BCC1FA1970E78800EA3F5B /* Supporting Files */ = {
			isa = PBXGroup;
			children = (
				33BCC1FB1970E78800EA3F5B /* Day10-Info.plist */,
				33BCC1FC1970E78800EA3F5B /* InfoPlist.strings */,
				33BCC1FF1970E78800EA3F5B /* main.m */,
				33BCC2011970E78800EA3F5B /* Day10-Prefix.pch */,
			);
			name = "Supporting Files";
			sourceTree = "<group>";
		};
		33BCC2181970E78900EA3F5B /* Day10Tests */ = {
			isa = PBXGroup;
			children = (
				33BCC21E1970E78900EA3F5B /* Day10Tests.m */,
				33BCC2191970E78900EA3F5B /* Supporting Files */,
			);
			path = Day10Tests;
			sourceTree = "<group>";
		};
		33BCC2191970E78900EA3F5B /* Supporting Files */ = {
			isa = PBXGroup;
			children = (
				33BCC21A1970E78900EA3F5B /* Day10Tests-Info.plist */,
				33BCC21B1970E78900EA3F5B /* InfoPlist.strings */,
			);
			name = "Supporting Files";
			sourceTree = "<group>";
		};
/* End PBXGroup section */

/* Begin PBXNativeTarget section */
		33BCC1EF1970E78800EA3F5B /* Day10 */ = {
			isa = PBXNativeTarget;
			buildConfigurationList = 33BCC2221970E78900EA3F5B /* Build configuration list for PBXNativeTarget "Day10" */;
			buildPhases = (
				33BCC1EC1970E78800EA3F5B /* Sources */,
				33BCC1ED1970E78800EA3F5B /* Frameworks */,
				33BCC1EE1970E78800EA3F5B /* Resources */,
			);
			buildRules = (
			);
			dependencies = (
			);
			name = Day10;
			productName = Day10;
			productReference = 33BCC1F01970E78800EA3F5B /* Day10.app */;
			productType = "com.apple.product-type.application";
		};
		33BCC2101970E78900EA3F5B /* Day10Tests */ = {
			isa = PBXNativeTarget;
			buildConfigurationList = 33BCC2251970E78900EA3F5B /* Build configuration list for PBXNativeTarget "Day10Tests" */;
			buildPhases = (
				33BCC20D1970E78900EA3F5B /* Sources */,
				33BCC20E1970E78900EA3F5B /* Frameworks */,
				33BCC20F1970E78900EA3F5B /* Resources */,
			);
			buildRules = (
			);
			dependencies = (
				33BCC2171970E78900EA3F5B /* PBXTargetDependency */,
			);
			name = Day10Tests;
			productName = Day10Tests;
			productReference = 33BCC2111970E78900EA3F5B /* Day10Tests.xctest */;
			productType = "com.apple.product-type.bundle.unit-test";
		};
/* End PBXNativeTarget section */

/* Begin PBXProject section */
		33BCC1E81970E78800EA3F5B /* Project object */ = {
			isa = PBXProject;
			attributes = {
				LastUpgradeCheck = 0510;
				ORGANIZATIONNAME = "Nguyễn Huỳnh Lâm";
				TargetAttributes = {
					33BCC2101970E78900EA3F5B = {
						TestTargetID = 33BCC1EF1970E78800EA3F5B;
					};
				};
			};
			buildConfigurationList = 33BCC1EB1970E78800EA3F5B /* Build configuration list for PBXProject "Day10" */;
			compatibilityVersion = "Xcode 3.2";
			developmentRegion = English;
			hasScannedForEncodings = 0;
			knownRegions = (
				en,
				Base,
			);
			mainGroup = 33BCC1E71970E78800EA3F5B;
			productRefGroup = 33BCC1F11970E78800EA3F5B /* Products */;
			projectDirPath = "";
			projectRoot = "";
			targets = (
				33BCC1EF1970E78800EA3F5B /* Day10 */,
				33BCC2101970E78900EA3F5B /* Day10Tests */,
			);
		};
/* End PBXProject section */

/* Begin PBXResourcesBuildPhase section */
		33BCC1EE1970E78800EA3F5B /* Resources */ = {
			isa = PBXResourcesBuildPhase;
			buildActionMask = 2147483647;
			files = (
				33BCC20C1970E78800EA3F5B /* Images.xcassets in Resources */,
				33BCC1FE1970E78800EA3F5B /* InfoPlist.strings in Resources */,
				33BCC2071970E78800EA3F5B /* Main.storyboard in Resources */,
			);
			runOnlyForDeploymentPostprocessing = 0;
		};
		33BCC20F1970E78900EA3F5B /* Resources */ = {
			isa = PBXResourcesBuildPhase;
			buildActionMask = 2147483647;
			files = (
				33BCC21D1970E78900EA3F5B /* InfoPlist.strings in Resources */,
			);
			runOnlyForDeploymentPostprocessing = 0;
		};
/* End PBXResourcesBuildPhase section */

/* Begin PBXSourcesBuildPhase section */
		33BCC1EC1970E78800EA3F5B /* Sources */ = {
			isa = PBXSourcesBuildPhase;
			buildActionMask = 2147483647;
			files = (
				33BCC20A1970E78800EA3F5B /* ViewController.m in Sources */,
				33BCC22A1970E92900EA3F5B /* Calculator.m in Sources */,
				33BCC2041970E78800EA3F5B /* AppDelegate.m in Sources */,
				33BCC2001970E78800EA3F5B /* main.m in Sources */,
			);
			runOnlyForDeploymentPostprocessing = 0;
		};
		33BCC20D1970E78900EA3F5B /* Sources */ = {
			isa = PBXSourcesBuildPhase;
			buildActionMask = 2147483647;
			files = (
				33BCC21F1970E78900EA3F5B /* Day10Tests.m in Sources */,
			);
			runOnlyForDeploymentPostprocessing = 0;
		};
/* End PBXSourcesBuildPhase section */

/* Begin PBXTargetDependency section */
		33BCC2171970E78900EA3F5B /* PBXTargetDependency */ = {
			isa = PBXTargetDependency;
			target = 33BCC1EF1970E78800EA3F5B /* Day10 */;
			targetProxy = 33BCC2161970E78900EA3F5B /* PBXContainerItemProxy */;
		};
/* End PBXTargetDependency section */

/* Begin PBXVariantGroup section */
		33BCC1FC1970E78800EA3F5B /* InfoPlist.strings */ = {
			isa = PBXVariantGroup;
			children = (
				33BCC1FD1970E78800EA3F5B /* en */,
			);
			name = InfoPlist.strings;
			sourceTree = "<group>";
		};
		33BCC2051970E78800EA3F5B /* Main.storyboard */ = {
			isa = PBXVariantGroup;
			children = (
				33BCC2061970E78800EA3F5B /* Base */,
			);
			name = Main.storyboard;
			sourceTree = "<group>";
		};
		33BCC21B1970E78900EA3F5B /* InfoPlist.strings */ = {
			isa = PBXVariantGroup;
			children = (
				33BCC21C1970E78900EA3F5B /* en */,
			);
			name = InfoPlist.strings;
			sourceTree = "<group>";
		};
/* End PBXVariantGroup section */

/* Begin XCBuildConfiguration section */
		33BCC2201970E78900EA3F5B /* Debug */ = {
			isa = XCBuildConfiguration;
			buildSettings = {
				ALWAYS_SEARCH_USER_PATHS = NO;
				CLANG_CXX_LANGUAGE_STANDARD = "gnu++0x";
				CLANG_CXX_LIBRARY = "libc++";
				CLANG_ENABLE_MODULES = YES;
				CLANG_ENABLE_OBJC_ARC = YES;
				CLANG_WARN_BOOL_CONVERSION = YES;
				CLANG_WARN_CONSTANT_CONVERSION = YES;
				CLANG_WARN_DIRECT_OBJC_ISA_USAGE = YES_ERROR;
				CLANG_WARN_EMPTY_BODY = YES;
				CLANG_WARN_ENUM_CONVERSION = YES;
				CLANG_WARN_INT_CONVERSION = YES;
				CLANG_WARN_OBJC_ROOT_CLASS = YES_ERROR;
				CLANG_WARN__DUPLICATE_METHOD_MATCH = YES;
				"CODE_SIGN_IDENTITY[sdk=iphoneos*]" = "iPhone Developer";
				COPY_PHASE_STRIP = NO;
				GCC_C_LANGUAGE_STANDARD = gnu99;
				GCC_DYNAMIC_NO_PIC = NO;
				GCC_OPTIMIZATION_LEVEL = 0;
				GCC_PREPROCESSOR_DEFINITIONS = (
					"DEBUG=1",
					"$(inherited)",
				);
				GCC_SYMBOLS_PRIVATE_EXTERN = NO;
				GCC_WARN_64_TO_32_BIT_CONVERSION = YES;
				GCC_WARN_ABOUT_RETURN_TYPE = YES_ERROR;
				GCC_WARN_UNDECLARED_SELECTOR = YES;
				GCC_WARN_UNINITIALIZED_AUTOS = YES_AGGRESSIVE;
				GCC_WARN_UNUSED_FUNCTION = YES;
				GCC_WARN_UNUSED_VARIABLE = YES;
				IPHONEOS_DEPLOYMENT_TARGET = 7.1;
				ONLY_ACTIVE_ARCH = YES;
				SDKROOT = iphoneos;
			};
			name = Debug;
		};
		33BCC2211970E78900EA3F5B /* Release */ = {
			isa = XCBuildConfiguration;
			buildSettings = {
				ALWAYS_SEARCH_USER_PATHS = NO;
				CLANG_CXX_LANGUAGE_STANDARD = "gnu++0x";
				CLANG_CXX_LIBRARY = "libc++";
				CLANG_ENABLE_MODULES = YES;
				CLANG_ENABLE_OBJC_ARC = YES;
				CLANG_WARN_BOOL_CONVERSION = YES;
				CLANG_WARN_CONSTANT_CONVERSION = YES;
				CLANG_WARN_DIRECT_OBJC_ISA_USAGE = YES_ERROR;
				CLANG_WARN_EMPTY_BODY = YES;
				CLANG_WARN_ENUM_CONVERSION = YES;
				CLANG_WARN_INT_CONVERSION = YES;
				CLANG_WARN_OBJC_ROOT_CLASS = YES_ERROR;
				CLANG_WARN__DUPLICATE_METHOD_MATCH = YES;
				"CODE_SIGN_IDENTITY[sdk=iphoneos*]" = "iPhone Developer";
				COPY_PHASE_STRIP = YES;
				ENABLE_NS_ASSERTIONS = NO;
				GCC_C_LANGUAGE_STANDARD = gnu99;
				GCC_WARN_64_TO_32_BIT_CONVERSION = YES;
				GCC_WARN_ABOUT_RETURN_TYPE = YES_ERROR;
				GCC_WARN_UNDECLARED_SELECTOR = YES;
				GCC_WARN_UNINITIALIZED_AUTOS = YES_AGGRESSIVE;
				GCC_WARN_UNUSED_FUNCTION = YES;
				GCC_WARN_UNUSED_VARIABLE = YES;
				IPHONEOS_DEPLOYMENT_TARGET = 7.1;
				SDKROOT = iphoneos;
				VALIDATE_PRODUCT = YES;
			};
			name = Release;
		};
		33BCC2231970E78900EA3F5B /* Debug */ = {
			isa = XCBuildConfiguration;
			buildSettings = {
				ASSETCATALOG_COMPILER_APPICON_NAME = AppIcon;
				ASSETCATALOG_COMPILER_LAUNCHIMAGE_NAME = LaunchImage;
				GCC_PRECOMPILE_PREFIX_HEADER = YES;
				GCC_PREFIX_HEADER = "Day10/Day10-Prefix.pch";
				INFOPLIST_FILE = "Day10/Day10-Info.plist";
				PRODUCT_NAME = "$(TARGET_NAME)";
				WRAPPER_EXTENSION = app;
			};
			name = Debug;
		};
		33BCC2241970E78900EA3F5B /* Release */ = {
			isa = XCBuildConfiguration;
			buildSettings = {
				ASSETCATALOG_COMPILER_APPICON_NAME = AppIcon;
				ASSETCATALOG_COMPILER_LAUNCHIMAGE_NAME = LaunchImage;
				GCC_PRECOMPILE_PREFIX_HEADER = YES;
				GCC_PREFIX_HEADER = "Day10/Day10-Prefix.pch";
				INFOPLIST_FILE = "Day10/Day10-Info.plist";
				PRODUCT_NAME = "$(TARGET_NAME)";
				WRAPPER_EXTENSION = app;
			};
			name = Release;
		};
		33BCC2261970E78900EA3F5B /* Debug */ = {
			isa = XCBuildConfiguration;
			buildSettings = {
				BUNDLE_LOADER = "$(BUILT_PRODUCTS_DIR)/Day10.app/Day10";
				FRAMEWORK_SEARCH_PATHS = (
					"$(SDKROOT)/Developer/Library/Frameworks",
					"$(inherited)",
					"$(DEVELOPER_FRAMEWORKS_DIR)",
				);
				GCC_PRECOMPILE_PREFIX_HEADER = YES;
				GCC_PREFIX_HEADER = "Day10/Day10-Prefix.pch";
				GCC_PREPROCESSOR_DEFINITIONS = (
					"DEBUG=1",
					"$(inherited)",
				);
				INFOPLIST_FILE = "Day10Tests/Day10Tests-Info.plist";
				PRODUCT_NAME = "$(TARGET_NAME)";
				TEST_HOST = "$(BUNDLE_LOADER)";
				WRAPPER_EXTENSION = xctest;
			};
			name = Debug;
		};
		33BCC2271970E78900EA3F5B /* Release */ = {
			isa = XCBuildConfiguration;
			buildSettings = {
				BUNDLE_LOADER = "$(BUILT_PRODUCTS_DIR)/Day10.app/Day10";
				FRAMEWORK_SEARCH_PATHS = (
					"$(SDKROOT)/Developer/Library/Frameworks",
					"$(inherited)",
					"$(DEVELOPER_FRAMEWORKS_DIR)",
				);
				GCC_PRECOMPILE_PREFIX_HEADER = YES;
				GCC_PREFIX_HEADER = "Day10/Day10-Prefix.pch";
				INFOPLIST_FILE = "Day10Tests/Day10Tests-Info.plist";
				PRODUCT_NAME = "$(TARGET_NAME)";
				TEST_HOST = "$(BUNDLE_LOADER)";
				WRAPPER_EXTENSION = xctest;
			};
			name = Release;
		};
/* End XCBuildConfiguration section */

/* Begin XCConfigurationList section */
		33BCC1EB1970E78800EA3F5B /* Build configuration list for PBXProject "Day10" */ = {
			isa = XCConfigurationList;
			buildConfigurations = (
				33BCC2201970E78900EA3F5B /* Debug */,
				33BCC2211970E78900EA3F5B /* Release */,
			);
			defaultConfigurationIsVisible = 0;
			defaultConfigurationName = Release;
		};
		33BCC2221970E78900EA3F5B /* Build configuration list for PBXNativeTarget "Day10" */ = {
			isa = XCConfigurationList;
			buildConfigurations = (
				33BCC2231970E78900EA3F5B /* Debug */,
				33BCC2241970E78900EA3F5B /* Release */,
			);
			defaultConfigurationIsVisible = 0;
		};
		33BCC2251970E78900EA3F5B /* Build configuration list for PBXNativeTarget "Day10Tests" */ = {
			isa = XCConfigurationList;
			buildConfigurations = (
				33BCC2261970E78900EA3F5B /* Debug */,
				33BCC2271970E78900EA3F5B /* Release */,
			);
			defaultConfigurationIsVisible = 0;
		};
/* End XCConfigurationList section */
	};
	rootObject = 33BCC1E81970E78800EA3F5B /* Project object */;
}
